
Microsoft Visual Studio Solution File, Format Version 12.00
# Visual Studio Version 17
VisualStudioVersion = 17.13.35931.197 d17.13
MinimumVisualStudioVersion = 10.0.40219.1
Project("{FAE04EC0-301F-11D3-BF4B-00C04F79EFBC}") = "Cuoi Ky(Part 1)", "Cuoi Ky(Part 1)\Cuoi Ky(Part 1).csproj", "{3419047E-EBB4-4961-BFEC-3A09BD57D4DD}"
EndProject
Global
	GlobalSection(SolutionConfigurationPlatforms) = preSolution
		Debug|Any CPU = Debug|Any CPU
		Release|Any CPU = Release|Any CPU
	EndGlobalSection
	GlobalSection(ProjectConfigurationPlatforms) = postSolution
		{3419047E-EBB4-4961-BFEC-3A09BD57D4DD}.Debug|Any CPU.ActiveCfg = Debug|Any CPU
		{3419047E-EBB4-4961-BFEC-3A09BD57D4DD}.Debug|Any CPU.Build.0 = Debug|Any CPU
		{3419047E-EBB4-4961-BFEC-3A09BD57D4DD}.Release|Any CPU.ActiveCfg = Release|Any CPU
		{3419047E-EBB4-4961-BFEC-3A09BD57D4DD}.Release|Any CPU.Build.0 = Release|Any CPU
	EndGlobalSection
	GlobalSection(SolutionProperties) = preSolution
		HideSolutionNode = FALSE
	EndGlobalSection
	GlobalSection(ExtensibilityGlobals) = postSolution
		SolutionGuid = {6C0CB35D-D779-4ADC-8887-1EAA1B0CB228}
	EndGlobalSection
EndGlobal
